
Microsoft Visual Studio Solution File, Format Version 12.00
# Visual Studio Version 16
VisualStudioVersion = 16.0.31019.35
MinimumVisualStudioVersion = 15.0.26124.0
Project("{9A19103F-16F7-4668-BE54-9A1E7A4F7556}") = "eCommerce.Api.Products", "eCommerce.Api.Products\eCommerce.Api.Products.csproj", "{469D3ECF-CA25-41CE-9687-8427C6E4390E}"
EndProject
Project("{9A19103F-16F7-4668-BE54-9A1E7A4F7556}") = "eCommerce.Api.Customers", "eCommerce.Api.Customers\eCommerce.Api.Customers.csproj", "{EF3D78AB-8F12-4D64-A5B0-BF58809F7843}"
EndProject
Project("{9A19103F-16F7-4668-BE54-9A1E7A4F7556}") = "eCommerce.Api.Orders", "eCommerce.Api.Orders\eCommerce.Api.Orders.csproj", "{A776E119-66AA-492C-9C1C-73E295586B8B}"
EndProject
Project("{9A19103F-16F7-4668-BE54-9A1E7A4F7556}") = "eCommerce.Api.Search", "eCommerce.Api.Search\eCommerce.Api.Search.csproj", "{7B0826B3-E57A-47E5-81F5-E4DBDA61A79F}"
EndProject
Project("{FAE04EC0-301F-11D3-BF4B-00C04F79EFBC}") = "eCommerce.Api.Products.Tests", "eCommerce.Api.Products.Tests\eCommerce.Api.Products.Tests.csproj", "{29659883-7497-4ED5-88E9-45D404BD1927}"
EndProject
Project("{E53339B2-1760-4266-BCC7-CA923CBCF16C}") = "docker-compose", "docker-compose.dcproj", "{0C5D1749-DB7F-4E57-A971-8AC126010607}"
EndProject
Global
	GlobalSection(SolutionConfigurationPlatforms) = preSolution
		Debug|Any CPU = Debug|Any CPU
		Debug|x64 = Debug|x64
		Debug|x86 = Debug|x86
		Release|Any CPU = Release|Any CPU
		Release|x64 = Release|x64
		Release|x86 = Release|x86
	EndGlobalSection
	GlobalSection(ProjectConfigurationPlatforms) = postSolution
		{469D3ECF-CA25-41CE-9687-8427C6E4390E}.Debug|Any CPU.ActiveCfg = Debug|Any CPU
		{469D3ECF-CA25-41CE-9687-8427C6E4390E}.Debug|Any CPU.Build.0 = Debug|Any CPU
		{469D3ECF-CA25-41CE-9687-8427C6E4390E}.Debug|x64.ActiveCfg = Debug|Any CPU
		{469D3ECF-CA25-41CE-9687-8427C6E4390E}.Debug|x64.Build.0 = Debug|Any CPU
		{469D3ECF-CA25-41CE-9687-8427C6E4390E}.Debug|x86.ActiveCfg = Debug|Any CPU
		{469D3ECF-CA25-41CE-9687-8427C6E4390E}.Debug|x86.Build.0 = Debug|Any CPU
		{469D3ECF-CA25-41CE-9687-8427C6E4390E}.Release|Any CPU.ActiveCfg = Release|Any CPU
		{469D3ECF-CA25-41CE-9687-8427C6E4390E}.Release|Any CPU.Build.0 = Release|Any CPU
		{469D3ECF-CA25-41CE-9687-8427C6E4390E}.Release|x64.ActiveCfg = Release|Any CPU
		{469D3ECF-CA25-41CE-9687-8427C6E4390E}.Release|x64.Build.0 = Release|Any CPU
		{469D3ECF-CA25-41CE-9687-8427C6E4390E}.Release|x86.ActiveCfg = Release|Any CPU
		{469D3ECF-CA25-41CE-9687-8427C6E4390E}.Release|x86.Build.0 = Release|Any CPU
		{EF3D78AB-8F12-4D64-A5B0-BF58809F7843}.Debug|Any CPU.ActiveCfg = Debug|Any CPU
		{EF3D78AB-8F12-4D64-A5B0-BF58809F7843}.Debug|Any CPU.Build.0 = Debug|Any CPU
		{EF3D78AB-8F12-4D64-A5B0-BF58809F7843}.Debug|x64.ActiveCfg = Debug|Any CPU
		{EF3D78AB-8F12-4D64-A5B0-BF58809F7843}.Debug|x64.Build.0 = Debug|Any CPU
		{EF3D78AB-8F12-4D64-A5B0-BF58809F7843}.Debug|x86.ActiveCfg = Debug|Any CPU
		{EF3D78AB-8F12-4D64-A5B0-BF58809F7843}.Debug|x86.Build.0 = Debug|Any CPU
		{EF3D78AB-8F12-4D64-A5B0-BF58809F7843}.Release|Any CPU.ActiveCfg = Release|Any CPU
		{EF3D78AB-8F12-4D64-A5B0-BF58809F7843}.Release|Any CPU.Build.0 = Release|Any CPU
		{EF3D78AB-8F12-4D64-A5B0-BF58809F7843}.Release|x64.ActiveCfg = Release|Any CPU
		{EF3D78AB-8F12-4D64-A5B0-BF58809F7843}.Release|x64.Build.0 = Release|Any CPU
		{EF3D78AB-8F12-4D64-A5B0-BF58809F7843}.Release|x86.ActiveCfg = Release|Any CPU
		{EF3D78AB-8F12-4D64-A5B0-BF58809F7843}.Release|x86.Build.0 = Release|Any CPU
		{A776E119-66AA-492C-9C1C-73E295586B8B}.Debug|Any CPU.ActiveCfg = Debug|Any CPU
		{A776E119-66AA-492C-9C1C-73E295586B8B}.Debug|Any CPU.Build.0 = Debug|Any CPU
		{A776E119-66AA-492C-9C1C-73E295586B8B}.Debug|x64.ActiveCfg = Debug|Any CPU
		{A776E119-66AA-492C-9C1C-73E295586B8B}.Debug|x64.Build.0 = Debug|Any CPU
		{A776E119-66AA-492C-9C1C-73E295586B8B}.Debug|x86.ActiveCfg = Debug|Any CPU
		{A776E119-66AA-492C-9C1C-73E295586B8B}.Debug|x86.Build.0 = Debug|Any CPU
		{A776E119-66AA-492C-9C1C-73E295586B8B}.Release|Any CPU.ActiveCfg = Release|Any CPU
		{A776E119-66AA-492C-9C1C-73E295586B8B}.Release|Any CPU.Build.0 = Release|Any CPU
		{A776E119-66AA-492C-9C1C-73E295586B8B}.Release|x64.ActiveCfg = Release|Any CPU
		{A776E119-66AA-492C-9C1C-73E295586B8B}.Release|x64.Build.0 = Release|Any CPU
		{A776E119-66AA-492C-9C1C-73E295586B8B}.Release|x86.ActiveCfg = Release|Any CPU
		{A776E119-66AA-492C-9C1C-73E295586B8B}.Release|x86.Build.0 = Release|Any CPU
		{7B0826B3-E57A-47E5-81F5-E4DBDA61A79F}.Debug|Any CPU.ActiveCfg = Debug|Any CPU
		{7B0826B3-E57A-47E5-81F5-E4DBDA61A79F}.Debug|Any CPU.Build.0 = Debug|Any CPU
		{7B0826B3-E57A-47E5-81F5-E4DBDA61A79F}.Debug|x64.ActiveCfg = Debug|Any CPU
		{7B0826B3-E57A-47E5-81F5-E4DBDA61A79F}.Debug|x64.Build.0 = Debug|Any CPU
		{7B0826B3-E57A-47E5-81F5-E4DBDA61A79F}.Debug|x86.ActiveCfg = Debug|Any CPU
		{7B0826B3-E57A-47E5-81F5-E4DBDA61A79F}.Debug|x86.Build.0 = Debug|Any CPU
		{7B0826B3-E57A-47E5-81F5-E4DBDA61A79F}.Release|Any CPU.ActiveCfg = Release|Any CPU
		{7B0826B3-E57A-47E5-81F5-E4DBDA61A79F}.Release|Any CPU.Build.0 = Release|Any CPU
		{7B0826B3-E57A-47E5-81F5-E4DBDA61A79F}.Release|x64.ActiveCfg = Release|Any CPU
		{7B0826B3-E57A-47E5-81F5-E4DBDA61A79F}.Release|x64.Build.0 = Release|Any CPU
		{7B0826B3-E57A-47E5-81F5-E4DBDA61A79F}.Release|x86.ActiveCfg = Release|Any CPU
		{7B0826B3-E57A-47E5-81F5-E4DBDA61A79F}.Release|x86.Build.0 = Release|Any CPU
		{29659883-7497-4ED5-88E9-45D404BD1927}.Debug|Any CPU.ActiveCfg = Debug|Any CPU
		{29659883-7497-4ED5-88E9-45D404BD1927}.Debug|Any CPU.Build.0 = Debug|Any CPU
		{29659883-7497-4ED5-88E9-45D404BD1927}.Debug|x64.ActiveCfg = Debug|Any CPU
		{29659883-7497-4ED5-88E9-45D404BD1927}.Debug|x64.Build.0 = Debug|Any CPU
		{29659883-7497-4ED5-88E9-45D404BD1927}.Debug|x86.ActiveCfg = Debug|Any CPU
		{29659883-7497-4ED5-88E9-45D404BD1927}.Debug|x86.Build.0 = Debug|Any CPU
		{29659883-7497-4ED5-88E9-45D404BD1927}.Release|Any CPU.ActiveCfg = Release|Any CPU
		{29659883-7497-4ED5-88E9-45D404BD1927}.Release|Any CPU.Build.0 = Release|Any CPU
		{29659883-7497-4ED5-88E9-45D404BD1927}.Release|x64.ActiveCfg = Release|Any CPU
		{29659883-7497-4ED5-88E9-45D404BD1927}.Release|x64.Build.0 = Release|Any CPU
		{29659883-7497-4ED5-88E9-45D404BD1927}.Release|x86.ActiveCfg = Release|Any CPU
		{29659883-7497-4ED5-88E9-45D404BD1927}.Release|x86.Build.0 = Release|Any CPU
		{0C5D1749-DB7F-4E57-A971-8AC126010607}.Debug|Any CPU.ActiveCfg = Debug|Any CPU
		{0C5D1749-DB7F-4E57-A971-8AC126010607}.Debug|Any CPU.Build.0 = Debug|Any CPU
		{0C5D1749-DB7F-4E57-A971-8AC126010607}.Debug|x64.ActiveCfg = Debug|Any CPU
		{0C5D1749-DB7F-4E57-A971-8AC126010607}.Debug|x64.Build.0 = Debug|Any CPU
		{0C5D1749-DB7F-4E57-A971-8AC126010607}.Debug|x86.ActiveCfg = Debug|Any CPU
		{0C5D1749-DB7F-4E57-A971-8AC126010607}.Debug|x86.Build.0 = Debug|Any CPU
		{0C5D1749-DB7F-4E57-A971-8AC126010607}.Release|Any CPU.ActiveCfg = Release|Any CPU
		{0C5D1749-DB7F-4E57-A971-8AC126010607}.Release|Any CPU.Build.0 = Release|Any CPU
		{0C5D1749-DB7F-4E57-A971-8AC126010607}.Release|x64.ActiveCfg = Release|Any CPU
		{0C5D1749-DB7F-4E57-A971-8AC126010607}.Release|x64.Build.0 = Release|Any CPU
		{0C5D1749-DB7F-4E57-A971-8AC126010607}.Release|x86.ActiveCfg = Release|Any CPU
		{0C5D1749-DB7F-4E57-A971-8AC126010607}.Release|x86.Build.0 = Release|Any CPU
	EndGlobalSection
	GlobalSection(SolutionProperties) = preSolution
		HideSolutionNode = FALSE
	EndGlobalSection
	GlobalSection(ExtensibilityGlobals) = postSolution
		SolutionGuid = {230030AA-0F86-43FF-A515-4250582C0227}
	EndGlobalSection
EndGlobal
